// !$*UTF8*$!
{
	archiveVersion = 1;
	classes = {
	};
	objectVersion = 46;
	objects = {

/* Begin PBXBuildFile section */
		1F131E651F472DCB001F8BB4 /* AppDelegate.swift in Sources */ = {isa = PBXBuildFile; fileRef = 1F131E641F472DCB001F8BB4 /* AppDelegate.swift */; };
		1F131E671F472DCB001F8BB4 /* ViewController.swift in Sources */ = {isa = PBXBuildFile; fileRef = 1F131E661F472DCB001F8BB4 /* ViewController.swift */; };
		1F131E691F472DCB001F8BB4 /* Assets.xcassets in Resources */ = {isa = PBXBuildFile; fileRef = 1F131E681F472DCB001F8BB4 /* Assets.xcassets */; };
		1F131E6C1F472DCB001F8BB4 /* Main.storyboard in Resources */ = {isa = PBXBuildFile; fileRef = 1F131E6A1F472DCB001F8BB4 /* Main.storyboard */; };
		1F131E771F472DCB001F8BB4 /* WakeNotificationTestTests.swift in Sources */ = {isa = PBXBuildFile; fileRef = 1F131E761F472DCB001F8BB4 /* WakeNotificationTestTests.swift */; };
		1F131E821F472DCC001F8BB4 /* WakeNotificationTestUITests.swift in Sources */ = {isa = PBXBuildFile; fileRef = 1F131E811F472DCC001F8BB4 /* WakeNotificationTestUITests.swift */; };
/* End PBXBuildFile section */

/* Begin PBXContainerItemProxy section */
		1F131E731F472DCB001F8BB4 /* PBXContainerItemProxy */ = {
			isa = PBXContainerItemProxy;
			containerPortal = 1F131E591F472DCB001F8BB4 /* Project object */;
			proxyType = 1;
			remoteGlobalIDString = 1F131E601F472DCB001F8BB4;
			remoteInfo = WakeNotificationTest;
		};
		1F131E7E1F472DCC001F8BB4 /* PBXContainerItemProxy */ = {
			isa = PBXContainerItemProxy;
			containerPortal = 1F131E591F472DCB001F8BB4 /* Project object */;
			proxyType = 1;
			remoteGlobalIDString = 1F131E601F472DCB001F8BB4;
			remoteInfo = WakeNotificationTest;
		};
/* End PBXContainerItemProxy section */

/* Begin PBXFileReference section */
		1F131E611F472DCB001F8BB4 /* WakeNotificationTest.app */ = {isa = PBXFileReference; explicitFileType = wrapper.application; includeInIndex = 0; path = WakeNotificationTest.app; sourceTree = BUILT_PRODUCTS_DIR; };
		1F131E641F472DCB001F8BB4 /* AppDelegate.swift */ = {isa = PBXFileReference; lastKnownFileType = sourcecode.swift; path = AppDelegate.swift; sourceTree = "<group>"; };
		1F131E661F472DCB001F8BB4 /* ViewController.swift */ = {isa = PBXFileReference; lastKnownFileType = sourcecode.swift; path = ViewController.swift; sourceTree = "<group>"; };
		1F131E681F472DCB001F8BB4 /* Assets.xcassets */ = {isa = PBXFileReference; lastKnownFileType = folder.assetcatalog; path = Assets.xcassets; sourceTree = "<group>"; };
		1F131E6B1F472DCB001F8BB4 /* Base */ = {isa = PBXFileReference; lastKnownFileType = file.storyboard; name = Base; path = Base.lproj/Main.storyboard; sourceTree = "<group>"; };
		1F131E6D1F472DCB001F8BB4 /* Info.plist */ = {isa = PBXFileReference; lastKnownFileType = text.plist.xml; path = Info.plist; sourceTree = "<group>"; };
		1F131E721F472DCB001F8BB4 /* WakeNotificationTestTests.xctest */ = {isa = PBXFileReference; explicitFileType = wrapper.cfbundle; includeInIndex = 0; path = WakeNotificationTestTests.xctest; sourceTree = BUILT_PRODUCTS_DIR; };
		1F131E761F472DCB001F8BB4 /* WakeNotificationTestTests.swift */ = {isa = PBXFileReference; lastKnownFileType = sourcecode.swift; path = WakeNotificationTestTests.swift; sourceTree = "<group>"; };
		1F131E781F472DCB001F8BB4 /* Info.plist */ = {isa = PBXFileReference; lastKnownFileType = text.plist.xml; path = Info.plist; sourceTree = "<group>"; };
		1F131E7D1F472DCC001F8BB4 /* WakeNotificationTestUITests.xctest */ = {isa = PBXFileReference; explicitFileType = wrapper.cfbundle; includeInIndex = 0; path = WakeNotificationTestUITests.xctest; sourceTree = BUILT_PRODUCTS_DIR; };
		1F131E811F472DCC001F8BB4 /* WakeNotificationTestUITests.swift */ = {isa = PBXFileReference; lastKnownFileType = sourcecode.swift; path = WakeNotificationTestUITests.swift; sourceTree = "<group>"; };
		1F131E831F472DCC001F8BB4 /* Info.plist */ = {isa = PBXFileReference; lastKnownFileType = text.plist.xml; path = Info.plist; sourceTree = "<group>"; };
/* End PBXFileReference section */

/* Begin PBXFrameworksBuildPhase section */
		1F131E5E1F472DCB001F8BB4 /* Frameworks */ = {
			isa = PBXFrameworksBuildPhase;
			buildActionMask = 2147483647;
			files = (
			);
			runOnlyForDeploymentPostprocessing = 0;
		};
		1F131E6F1F472DCB001F8BB4 /* Frameworks */ = {
			isa = PBXFrameworksBuildPhase;
			buildActionMask = 2147483647;
			files = (
			);
			runOnlyForDeploymentPostprocessing = 0;
		};
		1F131E7A1F472DCC001F8BB4 /* Frameworks */ = {
			isa = PBXFrameworksBuildPhase;
			buildActionMask = 2147483647;
			files = (
			);
			runOnlyForDeploymentPostprocessing = 0;
		};
/* End PBXFrameworksBuildPhase section */

/* Begin PBXGroup section */
		1F131E581F472DCB001F8BB4 = {
			isa = PBXGroup;
			children = (
				1F131E631F472DCB001F8BB4 /* WakeNotificationTest */,
				1F131E751F472DCB001F8BB4 /* WakeNotificationTestTests */,
				1F131E801F472DCC001F8BB4 /* WakeNotificationTestUITests */,
				1F131E621F472DCB001F8BB4 /* Products */,
			);
			sourceTree = "<group>";
		};
		1F131E621F472DCB001F8BB4 /* Products */ = {
			isa = PBXGroup;
			children = (
				1F131E611F472DCB001F8BB4 /* WakeNotificationTest.app */,
				1F131E721F472DCB001F8BB4 /* WakeNotificationTestTests.xctest */,
				1F131E7D1F472DCC001F8BB4 /* WakeNotificationTestUITests.xctest */,
			);
			name = Products;
			sourceTree = "<group>";
		};
		1F131E631F472DCB001F8BB4 /* WakeNotificationTest */ = {
			isa = PBXGroup;
			children = (
				1F131E641F472DCB001F8BB4 /* AppDelegate.swift */,
				1F131E661F472DCB001F8BB4 /* ViewController.swift */,
				1F131E681F472DCB001F8BB4 /* Assets.xcassets */,
				1F131E6A1F472DCB001F8BB4 /* Main.storyboard */,
				1F131E6D1F472DCB001F8BB4 /* Info.plist */,
			);
			path = WakeNotificationTest;
			sourceTree = "<group>";
		};
		1F131E751F472DCB001F8BB4 /* WakeNotificationTestTests */ = {
			isa = PBXGroup;
			children = (
				1F131E761F472DCB001F8BB4 /* WakeNotificationTestTests.swift */,
				1F131E781F472DCB001F8BB4 /* Info.plist */,
			);
			path = WakeNotificationTestTests;
			sourceTree = "<group>";
		};
		1F131E801F472DCC001F8BB4 /* WakeNotificationTestUITests */ = {
			isa = PBXGroup;
			children = (
				1F131E811F472DCC001F8BB4 /* WakeNotificationTestUITests.swift */,
				1F131E831F472DCC001F8BB4 /* Info.plist */,
			);
			path = WakeNotificationTestUITests;
			sourceTree = "<group>";
		};
/* End PBXGroup section */

/* Begin PBXNativeTarget section */
		1F131E601F472DCB001F8BB4 /* WakeNotificationTest */ = {
			isa = PBXNativeTarget;
			buildConfigurationList = 1F131E861F472DCC001F8BB4 /* Build configuration list for PBXNativeTarget "WakeNotificationTest" */;
			buildPhases = (
				1F131E5D1F472DCB001F8BB4 /* Sources */,
				1F131E5E1F472DCB001F8BB4 /* Frameworks */,
				1F131E5F1F472DCB001F8BB4 /* Resources */,
			);
			buildRules = (
			);
			dependencies = (
			);
			name = WakeNotificationTest;
			productName = WakeNotificationTest;
			productReference = 1F131E611F472DCB001F8BB4 /* WakeNotificationTest.app */;
			productType = "com.apple.product-type.application";
		};
		1F131E711F472DCB001F8BB4 /* WakeNotificationTestTests */ = {
			isa = PBXNativeTarget;
			buildConfigurationList = 1F131E891F472DCC001F8BB4 /* Build configuration list for PBXNativeTarget "WakeNotificationTestTests" */;
			buildPhases = (
				1F131E6E1F472DCB001F8BB4 /* Sources */,
				1F131E6F1F472DCB001F8BB4 /* Frameworks */,
				1F131E701F472DCB001F8BB4 /* Resources */,
			);
			buildRules = (
			);
			dependencies = (
				1F131E741F472DCB001F8BB4 /* PBXTargetDependency */,
			);
			name = WakeNotificationTestTests;
			productName = WakeNotificationTestTests;
			productReference = 1F131E721F472DCB001F8BB4 /* WakeNotificationTestTests.xctest */;
			productType = "com.apple.product-type.bundle.unit-test";
		};
		1F131E7C1F472DCC001F8BB4 /* WakeNotificationTestUITests */ = {
			isa = PBXNativeTarget;
			buildConfigurationList = 1F131E8C1F472DCC001F8BB4 /* Build configuration list for PBXNativeTarget "WakeNotificationTestUITests" */;
			buildPhases = (
				1F131E791F472DCC001F8BB4 /* Sources */,
				1F131E7A1F472DCC001F8BB4 /* Frameworks */,
				1F131E7B1F472DCC001F8BB4 /* Resources */,
			);
			buildRules = (
			);
			dependencies = (
				1F131E7F1F472DCC001F8BB4 /* PBXTargetDependency */,
			);
			name = WakeNotificationTestUITests;
			productName = WakeNotificationTestUITests;
			productReference = 1F131E7D1F472DCC001F8BB4 /* WakeNotificationTestUITests.xctest */;
			productType = "com.apple.product-type.bundle.ui-testing";
		};
/* End PBXNativeTarget section */

/* Begin PBXProject section */
		1F131E591F472DCB001F8BB4 /* Project object */ = {
			isa = PBXProject;
			attributes = {
				LastSwiftUpdateCheck = 0830;
				LastUpgradeCheck = 0830;
				ORGANIZATIONNAME = "Tomoyuki Sahara";
				TargetAttributes = {
					1F131E601F472DCB001F8BB4 = {
						CreatedOnToolsVersion = 8.3.3;
						ProvisioningStyle = Automatic;
					};
					1F131E711F472DCB001F8BB4 = {
						CreatedOnToolsVersion = 8.3.3;
						ProvisioningStyle = Automatic;
						TestTargetID = 1F131E601F472DCB001F8BB4;
					};
					1F131E7C1F472DCC001F8BB4 = {
						CreatedOnToolsVersion = 8.3.3;
						ProvisioningStyle = Automatic;
						TestTargetID = 1F131E601F472DCB001F8BB4;
					};
				};
			};
			buildConfigurationList = 1F131E5C1F472DCB001F8BB4 /* Build configuration list for PBXProject "WakeNotificationTest" */;
			compatibilityVersion = "Xcode 3.2";
			developmentRegion = English;
			hasScannedForEncodings = 0;
			knownRegions = (
				en,
				Base,
			);
			mainGroup = 1F131E581F472DCB001F8BB4;
			productRefGroup = 1F131E621F472DCB001F8BB4 /* Products */;
			projectDirPath = "";
			projectRoot = "";
			targets = (
				1F131E601F472DCB001F8BB4 /* WakeNotificationTest */,
				1F131E711F472DCB001F8BB4 /* WakeNotificationTestTests */,
				1F131E7C1F472DCC001F8BB4 /* WakeNotificationTestUITests */,
			);
		};
/* End PBXProject section */

/* Begin PBXResourcesBuildPhase section */
		1F131E5F1F472DCB001F8BB4 /* Resources */ = {
			isa = PBXResourcesBuildPhase;
			buildActionMask = 2147483647;
			files = (
				1F131E691F472DCB001F8BB4 /* Assets.xcassets in Resources */,
				1F131E6C1F472DCB001F8BB4 /* Main.storyboard in Resources */,
			);
			runOnlyForDeploymentPostprocessing = 0;
		};
		1F131E701F472DCB001F8BB4 /* Resources */ = {
			isa = PBXResourcesBuildPhase;
			buildActionMask = 2147483647;
			files = (
			);
			runOnlyForDeploymentPostprocessing = 0;
		};
		1F131E7B1F472DCC001F8BB4 /* Resources */ = {
			isa = PBXResourcesBuildPhase;
			buildActionMask = 2147483647;
			files = (
			);
			runOnlyForDeploymentPostprocessing = 0;
		};
/* End PBXResourcesBuildPhase section */

/* Begin PBXSourcesBuildPhase section */
		1F131E5D1F472DCB001F8BB4 /* Sources */ = {
			isa = PBXSourcesBuildPhase;
			buildActionMask = 2147483647;
			files = (
				1F131E671F472DCB001F8BB4 /* ViewController.swift in Sources */,
				1F131E651F472DCB001F8BB4 /* AppDelegate.swift in Sources */,
			);
			runOnlyForDeploymentPostprocessing = 0;
		};
		1F131E6E1F472DCB001F8BB4 /* Sources */ = {
			isa = PBXSourcesBuildPhase;
			buildActionMask = 2147483647;
			files = (
				1F131E771F472DCB001F8BB4 /* WakeNotificationTestTests.swift in Sources */,
			);
			runOnlyForDeploymentPostprocessing = 0;
		};
		1F131E791F472DCC001F8BB4 /* Sources */ = {
			isa = PBXSourcesBuildPhase;
			buildActionMask = 2147483647;
			files = (
				1F131E821F472DCC001F8BB4 /* WakeNotificationTestUITests.swift in Sources */,
			);
			runOnlyForDeploymentPostprocessing = 0;
		};
/* End PBXSourcesBuildPhase section */

/* Begin PBXTargetDependency section */
		1F131E741F472DCB001F8BB4 /* PBXTargetDependency */ = {
			isa = PBXTargetDependency;
			target = 1F131E601F472DCB001F8BB4 /* WakeNotificationTest */;
			targetProxy = 1F131E731F472DCB001F8BB4 /* PBXContainerItemProxy */;
		};
		1F131E7F1F472DCC001F8BB4 /* PBXTargetDependency */ = {
			isa = PBXTargetDependency;
			target = 1F131E601F472DCB001F8BB4 /* WakeNotificationTest */;
			targetProxy = 1F131E7E1F472DCC001F8BB4 /* PBXContainerItemProxy */;
		};
/* End PBXTargetDependency section */

/* Begin PBXVariantGroup section */
		1F131E6A1F472DCB001F8BB4 /* Main.storyboard */ = {
			isa = PBXVariantGroup;
			children = (
				1F131E6B1F472DCB001F8BB4 /* Base */,
			);
			name = Main.storyboard;
			sourceTree = "<group>";
		};
/* End PBXVariantGroup section */

/* Begin XCBuildConfiguration section */
		1F131E841F472DCC001F8BB4 /* Debug */ = {
			isa = XCBuildConfiguration;
			buildSettings = {
				ALWAYS_SEARCH_USER_PATHS = NO;
				CLANG_ANALYZER_NONNULL = YES;
				CLANG_ANALYZER_NUMBER_OBJECT_CONVERSION = YES_AGGRESSIVE;
				CLANG_CXX_LANGUAGE_STANDARD = "gnu++0x";
				CLANG_CXX_LIBRARY = "libc++";
				CLANG_ENABLE_MODULES = YES;
				CLANG_ENABLE_OBJC_ARC = YES;
				CLANG_WARN_BOOL_CONVERSION = YES;
				CLANG_WARN_CONSTANT_CONVERSION = YES;
				CLANG_WARN_DIRECT_OBJC_ISA_USAGE = YES_ERROR;
				CLANG_WARN_DOCUMENTATION_COMMENTS = YES;
				CLANG_WARN_EMPTY_BODY = YES;
				CLANG_WARN_ENUM_CONVERSION = YES;
				CLANG_WARN_INFINITE_RECURSION = YES;
				CLANG_WARN_INT_CONVERSION = YES;
				CLANG_WARN_OBJC_ROOT_CLASS = YES_ERROR;
				CLANG_WARN_SUSPICIOUS_MOVE = YES;
				CLANG_WARN_UNREACHABLE_CODE = YES;
				CLANG_WARN__DUPLICATE_METHOD_MATCH = YES;
				CODE_SIGN_IDENTITY = "-";
				COPY_PHASE_STRIP = NO;
				DEBUG_INFORMATION_FORMAT = dwarf;
				ENABLE_STRICT_OBJC_MSGSEND = YES;
				ENABLE_TESTABILITY = YES;
				GCC_C_LANGUAGE_STANDARD = gnu99;
				GCC_DYNAMIC_NO_PIC = NO;
				GCC_NO_COMMON_BLOCKS = YES;
				GCC_OPTIMIZATION_LEVEL = 0;
				GCC_PREPROCESSOR_DEFINITIONS = (
					"DEBUG=1",
					"$(inherited)",
				);
				GCC_WARN_64_TO_32_BIT_CONVERSION = YES;
				GCC_WARN_ABOUT_RETURN_TYPE = YES_ERROR;
				GCC_WARN_UNDECLARED_SELECTOR = YES;
				GCC_WARN_UNINITIALIZED_AUTOS = YES_AGGRESSIVE;
				GCC_WARN_UNUSED_FUNCTION = YES;
				GCC_WARN_UNUSED_VARIABLE = YES;
				MACOSX_DEPLOYMENT_TARGET = 10.12;
				MTL_ENABLE_DEBUG_INFO = YES;
				ONLY_ACTIVE_ARCH = YES;
				SDKROOT = macosx;
				SWIFT_ACTIVE_COMPILATION_CONDITIONS = DEBUG;
				SWIFT_OPTIMIZATION_LEVEL = "-Onone";
			};
			name = Debug;
		};
		1F131E851F472DCC001F8BB4 /* Release */ = {
			isa = XCBuildConfiguration;
			buildSettings = {
				ALWAYS_SEARCH_USER_PATHS = NO;
				CLANG_ANALYZER_NONNULL = YES;
				CLANG_ANALYZER_NUMBER_OBJECT_CONVERSION = YES_AGGRESSIVE;
				CLANG_CXX_LANGUAGE_STANDARD = "gnu++0x";
				CLANG_CXX_LIBRARY = "libc++";
				CLANG_ENABLE_MODULES = YES;
				CLANG_ENABLE_OBJC_ARC = YES;
				CLANG_WARN_BOOL_CONVERSION = YES;
				CLANG_WARN_CONSTANT_CONVERSION = YES;
				CLANG_WARN_DIRECT_OBJC_ISA_USAGE = YES_ERROR;
				CLANG_WARN_DOCUMENTATION_COMMENTS = YES;
				CLANG_WARN_EMPTY_BODY = YES;
				CLANG_WARN_ENUM_CONVERSION = YES;
				CLANG_WARN_INFINITE_RECURSION = YES;
				CLANG_WARN_INT_CONVERSION = YES;
				CLANG_WARN_OBJC_ROOT_CLASS = YES_ERROR;
				CLANG_WARN_SUSPICIOUS_MOVE = YES;
				CLANG_WARN_UNREACHABLE_CODE = YES;
				CLANG_WARN__DUPLICATE_METHOD_MATCH = YES;
				CODE_SIGN_IDENTITY = "-";
				COPY_PHASE_STRIP = NO;
				DEBUG_INFORMATION_FORMAT = "dwarf-with-dsym";
				ENABLE_NS_ASSERTIONS = NO;
				ENABLE_STRICT_OBJC_MSGSEND = YES;
				GCC_C_LANGUAGE_STANDARD = gnu99;
				GCC_NO_COMMON_BLOCKS = YES;
				GCC_WARN_64_TO_32_BIT_CONVERSION = YES;
				GCC_WARN_ABOUT_RETURN_TYPE = YES_ERROR;
				GCC_WARN_UNDECLARED_SELECTOR = YES;
				GCC_WARN_UNINITIALIZED_AUTOS = YES_AGGRESSIVE;
				GCC_WARN_UNUSED_FUNCTION = YES;
				GCC_WARN_UNUSED_VARIABLE = YES;
				MACOSX_DEPLOYMENT_TARGET = 10.12;
				MTL_ENABLE_DEBUG_INFO = NO;
				SDKROOT = macosx;
				SWIFT_OPTIMIZATION_LEVEL = "-Owholemodule";
			};
			name = Release;
		};
		1F131E871F472DCC001F8BB4 /* Debug */ = {
			isa = XCBuildConfiguration;
			buildSettings = {
				ASSETCATALOG_COMPILER_APPICON_NAME = AppIcon;
				COMBINE_HIDPI_IMAGES = YES;
				INFOPLIST_FILE = WakeNotificationTest/Info.plist;
				LD_RUNPATH_SEARCH_PATHS = "$(inherited) @executable_path/../Frameworks";
				PRODUCT_BUNDLE_IDENTIFIER = net.caddr.WakeNotificationTest;
				PRODUCT_NAME = "$(TARGET_NAME)";
				SWIFT_VERSION = 3.0;
			};
			name = Debug;
		};
		1F131E881F472DCC001F8BB4 /* Release */ = {
			isa = XCBuildConfiguration;
			buildSettings = {
				ASSETCATALOG_COMPILER_APPICON_NAME = AppIcon;
				COMBINE_HIDPI_IMAGES = YES;
				INFOPLIST_FILE = WakeNotificationTest/Info.plist;
				LD_RUNPATH_SEARCH_PATHS = "$(inherited) @executable_path/../Frameworks";
				PRODUCT_BUNDLE_IDENTIFIER = net.caddr.WakeNotificationTest;
				PRODUCT_NAME = "$(TARGET_NAME)";
				SWIFT_VERSION = 3.0;
			};
			name = Release;
		};
		1F131E8A1F472DCC001F8BB4 /* Debug */ = {
			isa = XCBuildConfiguration;
			buildSettings = {
				ALWAYS_EMBED_SWIFT_STANDARD_LIBRARIES = YES;
				BUNDLE_LOADER = "$(TEST_HOST)";
				COMBINE_HIDPI_IMAGES = YES;
				INFOPLIST_FILE = WakeNotificationTestTests/Info.plist;
				LD_RUNPATH_SEARCH_PATHS = "$(inherited) @executable_path/../Frameworks @loader_path/../Frameworks";
				PRODUCT_BUNDLE_IDENTIFIER = net.caddr.WakeNotificationTestTests;
				PRODUCT_NAME = "$(TARGET_NAME)";
				SWIFT_VERSION = 3.0;
				TEST_HOST = "$(BUILT_PRODUCTS_DIR)/WakeNotificationTest.app/Contents/MacOS/WakeNotificationTest";
			};
			name = Debug;
		};
		1F131E8B1F472DCC001F8BB4 /* Release */ = {
			isa = XCBuildConfiguration;
			buildSettings = {
				ALWAYS_EMBED_SWIFT_STANDARD_LIBRARIES = YES;
				BUNDLE_LOADER = "$(TEST_HOST)";
				COMBINE_HIDPI_IMAGES = YES;
				INFOPLIST_FILE = WakeNotificationTestTests/Info.plist;
				LD_RUNPATH_SEARCH_PATHS = "$(inherited) @executable_path/../Frameworks @loader_path/../Frameworks";
				PRODUCT_BUNDLE_IDENTIFIER = net.caddr.WakeNotificationTestTests;
				PRODUCT_NAME = "$(TARGET_NAME)";
				SWIFT_VERSION = 3.0;
				TEST_HOST = "$(BUILT_PRODUCTS_DIR)/WakeNotificationTest.app/Contents/MacOS/WakeNotificationTest";
			};
			name = Release;
		};
		1F131E8D1F472DCC001F8BB4 /* Debug */ = {
			isa = XCBuildConfiguration;
			buildSettings = {
				ALWAYS_EMBED_SWIFT_STANDARD_LIBRARIES = YES;
				COMBINE_HIDPI_IMAGES = YES;
				INFOPLIST_FILE = WakeNotificationTestUITests/Info.plist;
				LD_RUNPATH_SEARCH_PATHS = "$(inherited) @executable_path/../Frameworks @loader_path/../Frameworks";
				PRODUCT_BUNDLE_IDENTIFIER = net.caddr.WakeNotificationTestUITests;
				PRODUCT_NAME = "$(TARGET_NAME)";
				SWIFT_VERSION = 3.0;
				TEST_TARGET_NAME = WakeNotificationTest;
			};
			name = Debug;
		};
		1F131E8E1F472DCC001F8BB4 /* Release */ = {
			isa = XCBuildConfiguration;
			buildSettings = {
				ALWAYS_EMBED_SWIFT_STANDARD_LIBRARIES = YES;
				COMBINE_HIDPI_IMAGES = YES;
				INFOPLIST_FILE = WakeNotificationTestUITests/Info.plist;
				LD_RUNPATH_SEARCH_PATHS = "$(inherited) @executable_path/../Frameworks @loader_path/../Frameworks";
				PRODUCT_BUNDLE_IDENTIFIER = net.caddr.WakeNotificationTestUITests;
				PRODUCT_NAME = "$(TARGET_NAME)";
				SWIFT_VERSION = 3.0;
				TEST_TARGET_NAME = WakeNotificationTest;
			};
			name = Release;
		};
/* End XCBuildConfiguration section */

/* Begin XCConfigurationList section */
		1F131E5C1F472DCB001F8BB4 /* Build configuration list for PBXProject "WakeNotificationTest" */ = {
			isa = XCConfigurationList;
			buildConfigurations = (
				1F131E841F472DCC001F8BB4 /* Debug */,
				1F131E851F472DCC001F8BB4 /* Release */,
			);
			defaultConfigurationIsVisible = 0;
			defaultConfigurationName = Release;
		};
		1F131E861F472DCC001F8BB4 /* Build configuration list for PBXNativeTarget "WakeNotificationTest" */ = {
			isa = XCConfigurationList;
			buildConfigurations = (
				1F131E871F472DCC001F8BB4 /* Debug */,
				1F131E881F472DCC001F8BB4 /* Release */,
			);
			defaultConfigurationIsVisible = 0;
		};
		1F131E891F472DCC001F8BB4 /* Build configuration list for PBXNativeTarget "WakeNotificationTestTests" */ = {
			isa = XCConfigurationList;
			buildConfigurations = (
				1F131E8A1F472DCC001F8BB4 /* Debug */,
				1F131E8B1F472DCC001F8BB4 /* Release */,
			);
			defaultConfigurationIsVisible = 0;
		};
		1F131E8C1F472DCC001F8BB4 /* Build configuration list for PBXNativeTarget "WakeNotificationTestUITests" */ = {
			isa = XCConfigurationList;
			buildConfigurations = (
				1F131E8D1F472DCC001F8BB4 /* Debug */,
				1F131E8E1F472DCC001F8BB4 /* Release */,
			);
			defaultConfigurationIsVisible = 0;
		};
/* End XCConfigurationList section */
	};
	rootObject = 1F131E591F472DCB001F8BB4 /* Project object */;
}
